{
    "_meta": {
        "hash": {
            "sha256": "6fb7efffbd1a4590c5c6f9900dd6ae80203278a046f032c95f91dc6bd6c1f8cc"
        },
        "pipfile-spec": 6,
        "requires": {
            "python_version": "3.12"
        },
        "sources": [
            {
                "name": "pypi",
                "url": "https://pypi.org/simple",
                "verify_ssl": true
            }
        ]
    },
    "default": {
        "asgiref": {
            "hashes": [
                "sha256:5f184dc43b7e763efe848065441eac62229c9f7b0475f41f80e207a114eda4ce",
                "sha256:e8667a091e69529631969fd45dc268fa79b99c92c5fcdda727757e52146ec133"
            ],
            "markers": "python_version >= '3.9'",
            "version": "==3.11.1"
        },
        "beautifulsoup4": {
            "hashes": [
                "sha256:0918bfe44902e6ad8d57732ba310582e98da931428d231a5ecb9e7c703a735bb",
                "sha256:6292b1c5186d356bba669ef9f7f051757099565ad9ada5dd630bd9de5fa7fb86"
            ],
            "markers": "python_full_version >= '3.7.0'",
            "version": "==4.14.3"
        },
        "django": {
            "hashes": [
                "sha256:4d07aaf1c62f9984842b67c2874ebbf7056a17be253860299b93ae1881faad65",
                "sha256:4ebc7a434e3819db6cf4b399fb5b3f536310a30e8486f08b66886840be84b37c"
            ],
            "index": "pypi",
            "markers": "python_version >= '3.8'",
            "version": "==4.2.30"
        },
        "django-bootstrap-v5": {
            "hashes": [
                "sha256:2d431308859ce3cab7729bb09c76039059cd5fbdd34484da82c4c7f8d49da3a2",
                "sha256:a207aa804938164c8450bbbef4faaba6d2093b3236000557a50f3bd44b53d268"
            ],
            "index": "pypi",
            "markers": "python_version >= '3.6' and python_version < '4.0'",
            "version": "==1.0.11"
        },
        "django-environ": {
            "hashes": [
                "sha256:37799d14cd78222c6fd8298e48bfe17965ff8e586091ad66a463e52e0e7b799e",
                "sha256:6c401e4c219442c2c4588c2116d5292b5484a6f69163ed09cd41f3943bfb645f"
            ],
            "index": "pypi",
            "markers": "python_version >= '3.9' and python_version < '4'",
            "version": "==0.13.0"
        },
        "django-filter": {
            "hashes": [
                "sha256:1ec9eef48fa8da1c0ac9b411744b16c3f4c31176c867886e4c48da369c407153",
                "sha256:4fa48677cf5857b9b1347fed23e355ea792464e0fe07244d1fdfb8a806215b80"
            ],
            "index": "pypi",
            "markers": "python_version >= '3.9'",
            "version": "==25.1"
        },
        "djangorestframework": {
            "hashes": [
                "sha256:a6def5f447fe78ff853bff1d47a3c59bf38f5434b031780b351b0c73a62db1a5",
                "sha256:c3c74dd3e83a5a3efc37b3c18d92bd6f86a6791c7b7d4dff62bb068500e76457"
            ],
            "index": "pypi",
            "markers": "python_version >= '3.10'",
            "version": "==3.17.1"
        },
        "markdown": {
            "hashes": [
                "sha256:994d51325d25ad8aa7ce4ebaec003febcce822c3f8c911e3b17c52f7f589f950",
                "sha256:e91464b71ae3ee7afd3017d9f358ef0baf158fd9a298db92f1d4761133824c36"
            ],
            "index": "pypi",
            "markers": "python_version >= '3.10'",
            "version": "==3.10.2"
        },
        "soupsieve": {
            "hashes": [
                "sha256:3267f1eeea4251fb42728b6dfb746edc9acaffc4a45b27e19450b676586e8349",
                "sha256:ed64f2ba4eebeab06cc4962affce381647455978ffc1e36bb79a545b91f45a95"
            ],
            "markers": "python_version >= '3.9'",
            "version": "==2.8.3"
        },
        "sqlparse": {
            "hashes": [
                "sha256:12a08b3bf3eec877c519589833aed092e2444e68240a3577e8e26148acc7b1ba",
                "sha256:e20d4a9b0b8585fdf63b10d30066c7c94c5d7a7ec47c889a2d83a3caa93ff28e"
            ],
            "markers": "python_version >= '3.8'",
            "version": "==0.5.5"
        },
        "typing-extensions": {
            "hashes": [
                "sha256:0cea48d173cc12fa28ecabc3b837ea3cf6f38c6d1136f85cbaaf598984861466",
                "sha256:f0fa19c6845758ab08074a0cfa8b7aecb71c999ca73d62883bc25cc018c4e548"
            ],
            "markers": "python_version >= '3.9'",
            "version": "==4.15.0"
        }
    },
    "develop": {}
}
